
Microsoft Visual Studio Solution File, Format Version 12.00
# Visual Studio 15
VisualStudioVersion = 15.0.28307.1433
MinimumVisualStudioVersion = 10.0.40219.1
Project("{FAE04EC0-301F-11D3-BF4B-00C04F79EFBC}") = "ConsoleApp20210323", "ConsoleApp20210323\ConsoleApp20210323.csproj", "{E12247AB-1CAF-42D3-96D8-F9B627B2CE18}"
EndProject
Global
	GlobalSection(SolutionConfigurationPlatforms) = preSolution
		Debug|Any CPU = Debug|Any CPU
		Release|Any CPU = Release|Any CPU
	EndGlobalSection
	GlobalSection(ProjectConfigurationPlatforms) = postSolution
		{E12247AB-1CAF-42D3-96D8-F9B627B2CE18}.Debug|Any CPU.ActiveCfg = Debug|Any CPU
		{E12247AB-1CAF-42D3-96D8-F9B627B2CE18}.Debug|Any CPU.Build.0 = Debug|Any CPU
		{E12247AB-1CAF-42D3-96D8-F9B627B2CE18}.Release|Any CPU.ActiveCfg = Release|Any CPU
		{E12247AB-1CAF-42D3-96D8-F9B627B2CE18}.Release|Any CPU.Build.0 = Release|Any CPU
	EndGlobalSection
	GlobalSection(SolutionProperties) = preSolution
		HideSolutionNode = FALSE
	EndGlobalSection
	GlobalSection(ExtensibilityGlobals) = postSolution
		SolutionGuid = {3CE82451-FDEB-4C0F-93B8-640CCB6DFB35}
	EndGlobalSection
EndGlobal
